// !$*UTF8*$!
{
	archiveVersion = 1;
	classes = {
	};
	objectVersion = 48;
	objects = {

/* Begin PBXBuildFile section */
		876C729F1F44ABD3004F3FE5 /* GoalCell.swift in Sources */ = {isa = PBXBuildFile; fileRef = 876C729E1F44ABD3004F3FE5 /* GoalCell.swift */; };
		876C72A21F44C03C004F3FE5 /* GoalType.swift in Sources */ = {isa = PBXBuildFile; fileRef = 876C72A11F44C03C004F3FE5 /* GoalType.swift */; };
		876C72A41F44C527004F3FE5 /* CreateGoalVC.swift in Sources */ = {isa = PBXBuildFile; fileRef = 876C72A31F44C527004F3FE5 /* CreateGoalVC.swift */; };
		876C72A61F44C74B004F3FE5 /* UIViewControllerExt.swift in Sources */ = {isa = PBXBuildFile; fileRef = 876C72A51F44C74B004F3FE5 /* UIViewControllerExt.swift */; };
		876C72A81F44CA39004F3FE5 /* UIViewExt.swift in Sources */ = {isa = PBXBuildFile; fileRef = 876C72A71F44CA39004F3FE5 /* UIViewExt.swift */; };
		876C72AA1F44CD8F004F3FE5 /* UIButtonExt.swift in Sources */ = {isa = PBXBuildFile; fileRef = 876C72A91F44CD8F004F3FE5 /* UIButtonExt.swift */; };
		876C72AC1F44D111004F3FE5 /* FinishGoalVC.swift in Sources */ = {isa = PBXBuildFile; fileRef = 876C72AB1F44D111004F3FE5 /* FinishGoalVC.swift */; };
		878C7D221F436FC1000939E5 /* AppDelegate.swift in Sources */ = {isa = PBXBuildFile; fileRef = 878C7D211F436FC1000939E5 /* AppDelegate.swift */; };
		878C7D241F436FC1000939E5 /* GoalsVC.swift in Sources */ = {isa = PBXBuildFile; fileRef = 878C7D231F436FC1000939E5 /* GoalsVC.swift */; };
		878C7D271F436FC1000939E5 /* Main.storyboard in Resources */ = {isa = PBXBuildFile; fileRef = 878C7D251F436FC1000939E5 /* Main.storyboard */; };
		878C7D2A1F436FC1000939E5 /* Goalpost_App.xcdatamodeld in Sources */ = {isa = PBXBuildFile; fileRef = 878C7D281F436FC1000939E5 /* Goalpost_App.xcdatamodeld */; };
		878C7D2C1F436FC1000939E5 /* Assets.xcassets in Resources */ = {isa = PBXBuildFile; fileRef = 878C7D2B1F436FC1000939E5 /* Assets.xcassets */; };
		878C7D2F1F436FC1000939E5 /* LaunchScreen.storyboard in Resources */ = {isa = PBXBuildFile; fileRef = 878C7D2D1F436FC1000939E5 /* LaunchScreen.storyboard */; };
/* End PBXBuildFile section */

/* Begin PBXFileReference section */
		876C729E1F44ABD3004F3FE5 /* GoalCell.swift */ = {isa = PBXFileReference; lastKnownFileType = sourcecode.swift; path = GoalCell.swift; sourceTree = "<group>"; };
		876C72A11F44C03C004F3FE5 /* GoalType.swift */ = {isa = PBXFileReference; lastKnownFileType = sourcecode.swift; path = GoalType.swift; sourceTree = "<group>"; };
		876C72A31F44C527004F3FE5 /* CreateGoalVC.swift */ = {isa = PBXFileReference; lastKnownFileType = sourcecode.swift; path = CreateGoalVC.swift; sourceTree = "<group>"; };
		876C72A51F44C74B004F3FE5 /* UIViewControllerExt.swift */ = {isa = PBXFileReference; lastKnownFileType = sourcecode.swift; path = UIViewControllerExt.swift; sourceTree = "<group>"; };
		876C72A71F44CA39004F3FE5 /* UIViewExt.swift */ = {isa = PBXFileReference; lastKnownFileType = sourcecode.swift; path = UIViewExt.swift; sourceTree = "<group>"; };
		876C72A91F44CD8F004F3FE5 /* UIButtonExt.swift */ = {isa = PBXFileReference; lastKnownFileType = sourcecode.swift; path = UIButtonExt.swift; sourceTree = "<group>"; };
		876C72AB1F44D111004F3FE5 /* FinishGoalVC.swift */ = {isa = PBXFileReference; lastKnownFileType = sourcecode.swift; path = FinishGoalVC.swift; sourceTree = "<group>"; };
		878C7D1E1F436FC1000939E5 /* Goalpost-App.app */ = {isa = PBXFileReference; explicitFileType = wrapper.application; includeInIndex = 0; path = "Goalpost-App.app"; sourceTree = BUILT_PRODUCTS_DIR; };
		878C7D211F436FC1000939E5 /* AppDelegate.swift */ = {isa = PBXFileReference; lastKnownFileType = sourcecode.swift; path = AppDelegate.swift; sourceTree = "<group>"; };
		878C7D231F436FC1000939E5 /* GoalsVC.swift */ = {isa = PBXFileReference; lastKnownFileType = sourcecode.swift; path = GoalsVC.swift; sourceTree = "<group>"; };
		878C7D261F436FC1000939E5 /* Base */ = {isa = PBXFileReference; lastKnownFileType = file.storyboard; name = Base; path = Base.lproj/Main.storyboard; sourceTree = "<group>"; };
		878C7D291F436FC1000939E5 /* Goalpost_App.xcdatamodel */ = {isa = PBXFileReference; lastKnownFileType = wrapper.xcdatamodel; path = Goalpost_App.xcdatamodel; sourceTree = "<group>"; };
		878C7D2B1F436FC1000939E5 /* Assets.xcassets */ = {isa = PBXFileReference; lastKnownFileType = folder.assetcatalog; path = Assets.xcassets; sourceTree = "<group>"; };
		878C7D2E1F436FC1000939E5 /* Base */ = {isa = PBXFileReference; lastKnownFileType = file.storyboard; name = Base; path = Base.lproj/LaunchScreen.storyboard; sourceTree = "<group>"; };
		878C7D301F436FC1000939E5 /* Info.plist */ = {isa = PBXFileReference; lastKnownFileType = text.plist.xml; path = Info.plist; sourceTree = "<group>"; };
/* End PBXFileReference section */

/* Begin PBXFrameworksBuildPhase section */
		878C7D1B1F436FC1000939E5 /* Frameworks */ = {
			isa = PBXFrameworksBuildPhase;
			buildActionMask = 2147483647;
			files = (
			);
			runOnlyForDeploymentPostprocessing = 0;
		};
/* End PBXFrameworksBuildPhase section */

/* Begin PBXGroup section */
		878C7D151F436FC1000939E5 = {
			isa = PBXGroup;
			children = (
				878C7D201F436FC1000939E5 /* Goalpost-App */,
				878C7D1F1F436FC1000939E5 /* Products */,
			);
			sourceTree = "<group>";
		};
		878C7D1F1F436FC1000939E5 /* Products */ = {
			isa = PBXGroup;
			children = (
				878C7D1E1F436FC1000939E5 /* Goalpost-App.app */,
			);
			name = Products;
			sourceTree = "<group>";
		};
		878C7D201F436FC1000939E5 /* Goalpost-App */ = {
			isa = PBXGroup;
			children = (
				878C7D391F437013000939E5 /* Extensions */,
				878C7D381F436FF5000939E5 /* Enums */,
				878C7D371F436FF0000939E5 /* View */,
				878C7D361F436FE0000939E5 /* Controller */,
				878C7D211F436FC1000939E5 /* AppDelegate.swift */,
				878C7D251F436FC1000939E5 /* Main.storyboard */,
				878C7D2B1F436FC1000939E5 /* Assets.xcassets */,
				878C7D2D1F436FC1000939E5 /* LaunchScreen.storyboard */,
				878C7D301F436FC1000939E5 /* Info.plist */,
				878C7D281F436FC1000939E5 /* Goalpost_App.xcdatamodeld */,
			);
			path = "Goalpost-App";
			sourceTree = "<group>";
		};
		878C7D361F436FE0000939E5 /* Controller */ = {
			isa = PBXGroup;
			children = (
				878C7D231F436FC1000939E5 /* GoalsVC.swift */,
				876C72A31F44C527004F3FE5 /* CreateGoalVC.swift */,
				876C72AB1F44D111004F3FE5 /* FinishGoalVC.swift */,
			);
			path = Controller;
			sourceTree = "<group>";
		};
		878C7D371F436FF0000939E5 /* View */ = {
			isa = PBXGroup;
			children = (
				876C729E1F44ABD3004F3FE5 /* GoalCell.swift */,
			);
			path = View;
			sourceTree = "<group>";
		};
		878C7D381F436FF5000939E5 /* Enums */ = {
			isa = PBXGroup;
			children = (
				876C72A11F44C03C004F3FE5 /* GoalType.swift */,
			);
			path = Enums;
			sourceTree = "<group>";
		};
		878C7D391F437013000939E5 /* Extensions */ = {
			isa = PBXGroup;
			children = (
				876C72A51F44C74B004F3FE5 /* UIViewControllerExt.swift */,
				876C72A71F44CA39004F3FE5 /* UIViewExt.swift */,
				876C72A91F44CD8F004F3FE5 /* UIButtonExt.swift */,
			);
			path = Extensions;
			sourceTree = "<group>";
		};
/* End PBXGroup section */

/* Begin PBXNativeTarget section */
		878C7D1D1F436FC1000939E5 /* Goalpost-App */ = {
			isa = PBXNativeTarget;
			buildConfigurationList = 878C7D331F436FC1000939E5 /* Build configuration list for PBXNativeTarget "Goalpost-App" */;
			buildPhases = (
				878C7D1A1F436FC1000939E5 /* Sources */,
				878C7D1B1F436FC1000939E5 /* Frameworks */,
				878C7D1C1F436FC1000939E5 /* Resources */,
			);
			buildRules = (
			);
			dependencies = (
			);
			name = "Goalpost-App";
			productName = "Goalpost-App";
			productReference = 878C7D1E1F436FC1000939E5 /* Goalpost-App.app */;
			productType = "com.apple.product-type.application";
		};
/* End PBXNativeTarget section */

/* Begin PBXProject section */
		878C7D161F436FC1000939E5 /* Project object */ = {
			isa = PBXProject;
			attributes = {
				LastSwiftUpdateCheck = 0900;
				LastUpgradeCheck = 0900;
				ORGANIZATIONNAME = "akshay Grover";
				TargetAttributes = {
					878C7D1D1F436FC1000939E5 = {
						CreatedOnToolsVersion = 9.0;
					};
				};
			};
			buildConfigurationList = 878C7D191F436FC1000939E5 /* Build configuration list for PBXProject "Goalpost-App" */;
			compatibilityVersion = "Xcode 8.0";
			developmentRegion = en;
			hasScannedForEncodings = 0;
			knownRegions = (
				en,
				Base,
			);
			mainGroup = 878C7D151F436FC1000939E5;
			productRefGroup = 878C7D1F1F436FC1000939E5 /* Products */;
			projectDirPath = "";
			projectRoot = "";
			targets = (
				878C7D1D1F436FC1000939E5 /* Goalpost-App */,
			);
		};
/* End PBXProject section */

/* Begin PBXResourcesBuildPhase section */
		878C7D1C1F436FC1000939E5 /* Resources */ = {
			isa = PBXResourcesBuildPhase;
			buildActionMask = 2147483647;
			files = (
				878C7D2F1F436FC1000939E5 /* LaunchScreen.storyboard in Resources */,
				878C7D2C1F436FC1000939E5 /* Assets.xcassets in Resources */,
				878C7D271F436FC1000939E5 /* Main.storyboard in Resources */,
			);
			runOnlyForDeploymentPostprocessing = 0;
		};
/* End PBXResourcesBuildPhase section */

/* Begin PBXSourcesBuildPhase section */
		878C7D1A1F436FC1000939E5 /* Sources */ = {
			isa = PBXSourcesBuildPhase;
			buildActionMask = 2147483647;
			files = (
				876C729F1F44ABD3004F3FE5 /* GoalCell.swift in Sources */,
				876C72A41F44C527004F3FE5 /* CreateGoalVC.swift in Sources */,
				876C72A21F44C03C004F3FE5 /* GoalType.swift in Sources */,
				878C7D241F436FC1000939E5 /* GoalsVC.swift in Sources */,
				876C72A81F44CA39004F3FE5 /* UIViewExt.swift in Sources */,
				878C7D2A1F436FC1000939E5 /* Goalpost_App.xcdatamodeld in Sources */,
				876C72A61F44C74B004F3FE5 /* UIViewControllerExt.swift in Sources */,
				876C72AA1F44CD8F004F3FE5 /* UIButtonExt.swift in Sources */,
				876C72AC1F44D111004F3FE5 /* FinishGoalVC.swift in Sources */,
				878C7D221F436FC1000939E5 /* AppDelegate.swift in Sources */,
			);
			runOnlyForDeploymentPostprocessing = 0;
		};
/* End PBXSourcesBuildPhase section */

/* Begin PBXVariantGroup section */
		878C7D251F436FC1000939E5 /* Main.storyboard */ = {
			isa = PBXVariantGroup;
			children = (
				878C7D261F436FC1000939E5 /* Base */,
			);
			name = Main.storyboard;
			sourceTree = "<group>";
		};
		878C7D2D1F436FC1000939E5 /* LaunchScreen.storyboard */ = {
			isa = PBXVariantGroup;
			children = (
				878C7D2E1F436FC1000939E5 /* Base */,
			);
			name = LaunchScreen.storyboard;
			sourceTree = "<group>";
		};
/* End PBXVariantGroup section */

/* Begin XCBuildConfiguration section */
		878C7D311F436FC1000939E5 /* Debug */ = {
			isa = XCBuildConfiguration;
			buildSettings = {
				ALWAYS_SEARCH_USER_PATHS = NO;
				CLANG_ANALYZER_NONNULL = YES;
				CLANG_ANALYZER_NUMBER_OBJECT_CONVERSION = YES_AGGRESSIVE;
				CLANG_CXX_LANGUAGE_STANDARD = "gnu++14";
				CLANG_CXX_LIBRARY = "libc++";
				CLANG_ENABLE_MODULES = YES;
				CLANG_ENABLE_OBJC_ARC = YES;
				CLANG_WARN_BLOCK_CAPTURE_AUTORELEASING = YES;
				CLANG_WARN_BOOL_CONVERSION = YES;
				CLANG_WARN_COMMA = YES;
				CLANG_WARN_CONSTANT_CONVERSION = YES;
				CLANG_WARN_DIRECT_OBJC_ISA_USAGE = YES_ERROR;
				CLANG_WARN_DOCUMENTATION_COMMENTS = YES;
				CLANG_WARN_EMPTY_BODY = YES;
				CLANG_WARN_ENUM_CONVERSION = YES;
				CLANG_WARN_INFINITE_RECURSION = YES;
				CLANG_WARN_INT_CONVERSION = YES;
				CLANG_WARN_NON_LITERAL_NULL_CONVERSION = YES;
				CLANG_WARN_OBJC_LITERAL_CONVERSION = YES;
				CLANG_WARN_OBJC_ROOT_CLASS = YES_ERROR;
				CLANG_WARN_RANGE_LOOP_ANALYSIS = YES;
				CLANG_WARN_STRICT_PROTOTYPES = YES;
				CLANG_WARN_SUSPICIOUS_MOVE = YES;
				CLANG_WARN_UNGUARDED_AVAILABILITY = YES_AGGRESSIVE;
				CLANG_WARN_UNREACHABLE_CODE = YES;
				CLANG_WARN__DUPLICATE_METHOD_MATCH = YES;
				CODE_SIGN_IDENTITY = "iPhone Developer";
				COPY_PHASE_STRIP = NO;
				DEBUG_INFORMATION_FORMAT = dwarf;
				ENABLE_STRICT_OBJC_MSGSEND = YES;
				ENABLE_TESTABILITY = YES;
				GCC_C_LANGUAGE_STANDARD = gnu11;
				GCC_DYNAMIC_NO_PIC = NO;
				GCC_NO_COMMON_BLOCKS = YES;
				GCC_OPTIMIZATION_LEVEL = 0;
				GCC_PREPROCESSOR_DEFINITIONS = (
					"DEBUG=1",
					"$(inherited)",
				);
				GCC_WARN_64_TO_32_BIT_CONVERSION = YES;
				GCC_WARN_ABOUT_RETURN_TYPE = YES_ERROR;
				GCC_WARN_UNDECLARED_SELECTOR = YES;
				GCC_WARN_UNINITIALIZED_AUTOS = YES_AGGRESSIVE;
				GCC_WARN_UNUSED_FUNCTION = YES;
				GCC_WARN_UNUSED_VARIABLE = YES;
				IPHONEOS_DEPLOYMENT_TARGET = 11.0;
				MTL_ENABLE_DEBUG_INFO = YES;
				ONLY_ACTIVE_ARCH = YES;
				SDKROOT = iphoneos;
				SWIFT_ACTIVE_COMPILATION_CONDITIONS = DEBUG;
				SWIFT_OPTIMIZATION_LEVEL = "-Onone";
			};
			name = Debug;
		};
		878C7D321F436FC1000939E5 /* Release */ = {
			isa = XCBuildConfiguration;
			buildSettings = {
				ALWAYS_SEARCH_USER_PATHS = NO;
				CLANG_ANALYZER_NONNULL = YES;
				CLANG_ANALYZER_NUMBER_OBJECT_CONVERSION = YES_AGGRESSIVE;
				CLANG_CXX_LANGUAGE_STANDARD = "gnu++14";
				CLANG_CXX_LIBRARY = "libc++";
				CLANG_ENABLE_MODULES = YES;
				CLANG_ENABLE_OBJC_ARC = YES;
				CLANG_WARN_BLOCK_CAPTURE_AUTORELEASING = YES;
				CLANG_WARN_BOOL_CONVERSION = YES;
				CLANG_WARN_COMMA = YES;
				CLANG_WARN_CONSTANT_CONVERSION = YES;
				CLANG_WARN_DIRECT_OBJC_ISA_USAGE = YES_ERROR;
				CLANG_WARN_DOCUMENTATION_COMMENTS = YES;
				CLANG_WARN_EMPTY_BODY = YES;
				CLANG_WARN_ENUM_CONVERSION = YES;
				CLANG_WARN_INFINITE_RECURSION = YES;
				CLANG_WARN_INT_CONVERSION = YES;
				CLANG_WARN_NON_LITERAL_NULL_CONVERSION = YES;
				CLANG_WARN_OBJC_LITERAL_CONVERSION = YES;
				CLANG_WARN_OBJC_ROOT_CLASS = YES_ERROR;
				CLANG_WARN_RANGE_LOOP_ANALYSIS = YES;
				CLANG_WARN_STRICT_PROTOTYPES = YES;
				CLANG_WARN_SUSPICIOUS_MOVE = YES;
				CLANG_WARN_UNGUARDED_AVAILABILITY = YES_AGGRESSIVE;
				CLANG_WARN_UNREACHABLE_CODE = YES;
				CLANG_WARN__DUPLICATE_METHOD_MATCH = YES;
				CODE_SIGN_IDENTITY = "iPhone Developer";
				COPY_PHASE_STRIP = NO;
				DEBUG_INFORMATION_FORMAT = "dwarf-with-dsym";
				ENABLE_NS_ASSERTIONS = NO;
				ENABLE_STRICT_OBJC_MSGSEND = YES;
				GCC_C_LANGUAGE_STANDARD = gnu11;
				GCC_NO_COMMON_BLOCKS = YES;
				GCC_WARN_64_TO_32_BIT_CONVERSION = YES;
				GCC_WARN_ABOUT_RETURN_TYPE = YES_ERROR;
				GCC_WARN_UNDECLARED_SELECTOR = YES;
				GCC_WARN_UNINITIALIZED_AUTOS = YES_AGGRESSIVE;
				GCC_WARN_UNUSED_FUNCTION = YES;
				GCC_WARN_UNUSED_VARIABLE = YES;
				IPHONEOS_DEPLOYMENT_TARGET = 11.0;
				MTL_ENABLE_DEBUG_INFO = NO;
				SDKROOT = iphoneos;
				SWIFT_OPTIMIZATION_LEVEL = "-Owholemodule";
				VALIDATE_PRODUCT = YES;
			};
			name = Release;
		};
		878C7D341F436FC1000939E5 /* Debug */ = {
			isa = XCBuildConfiguration;
			buildSettings = {
				ASSETCATALOG_COMPILER_APPICON_NAME = AppIcon;
				DEVELOPMENT_TEAM = R639SG6Q84;
				INFOPLIST_FILE = "Goalpost-App/Info.plist";
				LD_RUNPATH_SEARCH_PATHS = "$(inherited) @executable_path/Frameworks";
				PRODUCT_BUNDLE_IDENTIFIER = "com.AkshayGrover.Goalpost-App";
				PRODUCT_NAME = "$(TARGET_NAME)";
				SWIFT_VERSION = 4.0;
				TARGETED_DEVICE_FAMILY = "1,2";
			};
			name = Debug;
		};
		878C7D351F436FC1000939E5 /* Release */ = {
			isa = XCBuildConfiguration;
			buildSettings = {
				ASSETCATALOG_COMPILER_APPICON_NAME = AppIcon;
				DEVELOPMENT_TEAM = R639SG6Q84;
				INFOPLIST_FILE = "Goalpost-App/Info.plist";
				LD_RUNPATH_SEARCH_PATHS = "$(inherited) @executable_path/Frameworks";
				PRODUCT_BUNDLE_IDENTIFIER = "com.AkshayGrover.Goalpost-App";
				PRODUCT_NAME = "$(TARGET_NAME)";
				SWIFT_VERSION = 4.0;
				TARGETED_DEVICE_FAMILY = "1,2";
			};
			name = Release;
		};
/* End XCBuildConfiguration section */

/* Begin XCConfigurationList section */
		878C7D191F436FC1000939E5 /* Build configuration list for PBXProject "Goalpost-App" */ = {
			isa = XCConfigurationList;
			buildConfigurations = (
				878C7D311F436FC1000939E5 /* Debug */,
				878C7D321F436FC1000939E5 /* Release */,
			);
			defaultConfigurationIsVisible = 0;
			defaultConfigurationName = Release;
		};
		878C7D331F436FC1000939E5 /* Build configuration list for PBXNativeTarget "Goalpost-App" */ = {
			isa = XCConfigurationList;
			buildConfigurations = (
				878C7D341F436FC1000939E5 /* Debug */,
				878C7D351F436FC1000939E5 /* Release */,
			);
			defaultConfigurationIsVisible = 0;
			defaultConfigurationName = Release;
		};
/* End XCConfigurationList section */

/* Begin XCVersionGroup section */
		878C7D281F436FC1000939E5 /* Goalpost_App.xcdatamodeld */ = {
			isa = XCVersionGroup;
			children = (
				878C7D291F436FC1000939E5 /* Goalpost_App.xcdatamodel */,
			);
			currentVersion = 878C7D291F436FC1000939E5 /* Goalpost_App.xcdatamodel */;
			path = Goalpost_App.xcdatamodeld;
			sourceTree = "<group>";
			versionGroupType = wrapper.xcdatamodel;
		};
/* End XCVersionGroup section */
	};
	rootObject = 878C7D161F436FC1000939E5 /* Project object */;
}
